
Microsoft Visual Studio Solution File, Format Version 12.00
# Visual Studio Version 17
VisualStudioVersion = 17.6.33829.357
MinimumVisualStudioVersion = 10.0.40219.1
Project("{FAE04EC0-301F-11D3-BF4B-00C04F79EFBC}") = "PemesananMakananAPI", "PemesananMakananAPI\PemesananMakananAPI.csproj", "{53E2E874-BC6B-401C-B6B0-9225E9DEAB2A}"
EndProject
Global
	GlobalSection(SolutionConfigurationPlatforms) = preSolution
		Debug|Any CPU = Debug|Any CPU
		Release|Any CPU = Release|Any CPU
	EndGlobalSection
	GlobalSection(ProjectConfigurationPlatforms) = postSolution
		{53E2E874-BC6B-401C-B6B0-9225E9DEAB2A}.Debug|Any CPU.ActiveCfg = Debug|Any CPU
		{53E2E874-BC6B-401C-B6B0-9225E9DEAB2A}.Debug|Any CPU.Build.0 = Debug|Any CPU
		{53E2E874-BC6B-401C-B6B0-9225E9DEAB2A}.Release|Any CPU.ActiveCfg = Release|Any CPU
		{53E2E874-BC6B-401C-B6B0-9225E9DEAB2A}.Release|Any CPU.Build.0 = Release|Any CPU
	EndGlobalSection
	GlobalSection(SolutionProperties) = preSolution
		HideSolutionNode = FALSE
	EndGlobalSection
	GlobalSection(ExtensibilityGlobals) = postSolution
		SolutionGuid = {86EF0683-FD43-479E-833E-996E2CA2D2B0}
	EndGlobalSection
EndGlobal
